// !$*UTF8*$!
{ archiveVersion = 1; classes = {}; objectVersion = 56; objects = {
A70000000000000000000001 = {isa = PBXFileReference; lastKnownFileType = sourcecode.swift; path = "PlayerUpgradeTests.swift"; sourceTree = "<group>";};
A70000000000000000000002 = {isa = PBXBuildFile; fileRef = A70000000000000000000001;};
D759D0AD22E74515A0FCA9E8 = {isa = PBXFileReference; lastKnownFileType = sourcecode.swift; path = "LibraryBackup.swift"; sourceTree = "<group>";};
531F10A96D2D44E7A9C4E135 = {isa = PBXBuildFile; fileRef = D759D0AD22E74515A0FCA9E8;};
418567394AD748D79572FCD8 = {isa = PBXFileReference; lastKnownFileType = sourcecode.swift; path = "LibraryRepository.swift"; sourceTree = "<group>";};
8F40A24AD96547C1A940FB55 = {isa = PBXBuildFile; fileRef = 418567394AD748D79572FCD8;};
C5AB2916ED0440AEBDFA4C2C = {isa = PBXFileReference; lastKnownFileType = sourcecode.swift; path = "AudioFileIdentity.swift"; sourceTree = "<group>";};
4B9642563C8E474AAB9EC7A7 = {isa = PBXBuildFile; fileRef = C5AB2916ED0440AEBDFA4C2C;};
8E948920EB9F411B97356071 = {isa = PBXFileReference; lastKnownFileType = sourcecode.swift; path = "GaplessScheduler.swift"; sourceTree = "<group>";};
BB7D0DCF69C746478BF1C413 = {isa = PBXBuildFile; fileRef = 8E948920EB9F411B97356071;};
D74037AB284543B490000001 = {isa = PBXFileReference; lastKnownFileType = sourcecode.swift; path = "FLACMetadata.swift"; sourceTree = "<group>";};
D74037AB284543B490000002 = {isa = PBXBuildFile; fileRef = D74037AB284543B490000001;};
002E70D951929759CE245D8A = {isa = PBXFileReference; lastKnownFileType = file; path = "Fixtures/silence.flac"; sourceTree = "<group>";};
07312A0982A9D21CB3CD241B = {isa = PBXBuildFile; fileRef = 002E70D951929759CE245D8A;};
BC106087E206B87374D26476 = {isa = PBXFileReference; lastKnownFileType = sourcecode.swift; path = "FLACArtworkTests.swift"; sourceTree = "<group>";};
922CD1575E0ED484CD3C40CB = {isa = PBXBuildFile; fileRef = BC106087E206B87374D26476;};
72727E680DC4896067D5B7C9 = {isa = PBXFileReference; lastKnownFileType = sourcecode.swift; path = "EmbeddedArtwork.swift"; sourceTree = "<group>";};
82DEF41CE5D4964A3934E5B1 = {isa = PBXBuildFile; fileRef = 72727E680DC4896067D5B7C9;};
EA4F9ECC1019B4DD2FE7F54C = {isa = PBXFileReference; lastKnownFileType = sourcecode.swift; path = "AlbumTheme.swift"; sourceTree = "<group>";};
4BBFC631D5DEFC156B24ACA9 = {isa = PBXBuildFile; fileRef = EA4F9ECC1019B4DD2FE7F54C;};
0281F9CB77AD3C0757E16641 = {isa = PBXFileReference; lastKnownFileType = sourcecode.swift; path = "ArtworkLoader.swift"; sourceTree = "<group>";};
CF619DA60415D4E7C954F836 = {isa = PBXBuildFile; fileRef = 0281F9CB77AD3C0757E16641;};
A7718A7069EA1A83263C06B4 = {isa = PBXFileReference; lastKnownFileType = sourcecode.swift; path = "LyricsServiceTests.swift"; sourceTree = "<group>";};
415633E0B151C0133015929A = {isa = PBXBuildFile; fileRef = A7718A7069EA1A83263C06B4;};
858C5290512DA9028D16BBB1 = {isa = PBXFileReference; lastKnownFileType = sourcecode.swift; path = "LyricsLookupView.swift"; sourceTree = "<group>";};
03DB8B1B7D3B6314DA1E3A9B = {isa = PBXBuildFile; fileRef = 858C5290512DA9028D16BBB1;};
5938CF95EEF9C8E23F772EE3 = {isa = PBXFileReference; lastKnownFileType = sourcecode.swift; path = "LyricsService.swift"; sourceTree = "<group>";};
3FDC9BEFE54C53DD29AFEA67 = {isa = PBXBuildFile; fileRef = 5938CF95EEF9C8E23F772EE3;};
91B377937850E32813CE95DD = {isa = PBXFileReference; lastKnownFileType = sourcecode.swift; path = "AudioVisualizerView.swift"; sourceTree = "<group>";};
6DB816A61B66B76536899A14 = {isa = PBXBuildFile; fileRef = 91B377937850E32813CE95DD;};
448D725872D223003DFA1C2C = {isa = PBXFileReference; lastKnownFileType = sourcecode.swift; path = "AudioVisualizer.swift"; sourceTree = "<group>";};
2CB2259475FB743A88A5A3F2 = {isa = PBXBuildFile; fileRef = 448D725872D223003DFA1C2C;};
385EE4DFCBC66760FE6B0A23 = {isa = PBXFileReference; lastKnownFileType = sourcecode.swift; path = "PlaybackAnalytics.swift"; sourceTree = "<group>";};
E7AC4942FB63BE4AC7A00A99 = {isa = PBXBuildFile; fileRef = 385EE4DFCBC66760FE6B0A23;};
67FEC7668984427217A8BC6E = {isa = PBXFileReference; lastKnownFileType = sourcecode.swift; path = "AnalyticsView.swift"; sourceTree = "<group>";};
A474254878038AE830AADD70 = {isa = PBXBuildFile; fileRef = 67FEC7668984427217A8BC6E;};
3501D54E7904920CEFAD68D9 = {isa = PBXFileReference; lastKnownFileType = sourcecode.swift; path = "Models.swift"; sourceTree = "<group>";};
8BC097C4A7F82503EEF2A3DB = {isa = PBXBuildFile; fileRef = 3501D54E7904920CEFAD68D9;};
7D0D01FB5DE52A56A6A41E5F = {isa = PBXFileReference; lastKnownFileType = sourcecode.swift; path = "LibraryViews.swift"; sourceTree = "<group>";};
B576D265BD34015F22C8C67D = {isa = PBXBuildFile; fileRef = 7D0D01FB5DE52A56A6A41E5F;};
E6DF3C34918184CC58EFC097 = {isa = PBXFileReference; lastKnownFileType = sourcecode.swift; path = "PlaylistViews.swift"; sourceTree = "<group>";};
AD9DB426835A54958199D56C = {isa = PBXBuildFile; fileRef = E6DF3C34918184CC58EFC097;};
4FB084A275AFE8260AFF79FD = {isa = PBXFileReference; lastKnownFileType = sourcecode.swift; path = "LyricsView.swift"; sourceTree = "<group>";};
6B9B4FFBDDBD49F30C306137 = {isa = PBXBuildFile; fileRef = 4FB084A275AFE8260AFF79FD;};
5DD31071038466EA8A698D20 = {isa = PBXFileReference; lastKnownFileType = sourcecode.swift; path = "PlayerTools.swift"; sourceTree = "<group>";};
3360796E00BC1475FF9E268B = {isa = PBXBuildFile; fileRef = 5DD31071038466EA8A698D20;};
2BC052F2AC3A8D54A8CCCEE2 = {isa = PBXFileReference; lastKnownFileType = sourcecode.swift; path = "Artwork.swift"; sourceTree = "<group>";};
16BAF433C4101E5F52064419 = {isa = PBXBuildFile; fileRef = 2BC052F2AC3A8D54A8CCCEE2;};
C175FDAD635B48A52AC30C23 = {isa = PBXFileReference; lastKnownFileType = audio.wav; path = "Fixtures/afterglow.wav"; sourceTree = "<group>";};
685ECD2F4D083B7C3FDFA3C0 = {isa = PBXBuildFile; fileRef = C175FDAD635B48A52AC30C23;};
0F985D070ED29EA4FE5FFD6B = {isa = PBXFileReference; lastKnownFileType = audio.wav; path = "Fixtures/golden-hour.wav"; sourceTree = "<group>";};
496E72F321B0A3E855F9B28D = {isa = PBXBuildFile; fileRef = 0F985D070ED29EA4FE5FFD6B;};
5AFB72107729EF00D3D324F6 = {isa = PBXFileReference; lastKnownFileType = audio.wav; path = "Fixtures/weightless.wav"; sourceTree = "<group>";};
2D61B0B195BE51DFF4E461D3 = {isa = PBXBuildFile; fileRef = 5AFB72107729EF00D3D324F6;};
E6861CBE47A96E20E7AD77CA = {isa = PBXFileReference; lastKnownFileType = sourcecode.swift; path = "ContentView.swift"; sourceTree = "<group>";};
3AF58A3429DE7AC0AE6166CB = {isa = PBXBuildFile; fileRef = E6861CBE47A96E20E7AD77CA;};
7DBBCA4F35187CA3ED2B2803 = {isa = PBXFileReference; lastKnownFileType = text.plist.xml; path = "Info.plist"; sourceTree = "<group>";};
574CCF62CC2D6690AF392E63 = {isa = PBXFileReference; lastKnownFileType = sourcecode.swift; path = "MusicPlayer.swift"; sourceTree = "<group>";};
A8752CC77E904E117B9BB51D = {isa = PBXBuildFile; fileRef = 574CCF62CC2D6690AF392E63;};
D5A794D3BAA25A2400A20240 = {isa = PBXFileReference; lastKnownFileType = sourcecode.swift; path = "NowPlayingView.swift"; sourceTree = "<group>";};
921CFE3FFDF4A97431DC25DC = {isa = PBXBuildFile; fileRef = D5A794D3BAA25A2400A20240;};
62EABFD3FF26926E7D6BA09F = {isa = PBXFileReference; lastKnownFileType = sourcecode.swift; path = "LumaApp.swift"; sourceTree = "<group>";};
81EE6019B1F8ACEFC07CBBA9 = {isa = PBXBuildFile; fileRef = 62EABFD3FF26926E7D6BA09F;};
3685E330EC5277A9DD5661C6 = {isa = PBXFileReference; lastKnownFileType = folder.assetcatalog; path = Assets.xcassets; sourceTree = "<group>";};
04200CFFD12D083534B07BB1 = {isa = PBXBuildFile; fileRef = 3685E330EC5277A9DD5661C6;};
8C04029D755FCD37FA88E34E = {isa = PBXGroup; children = (D759D0AD22E74515A0FCA9E8,418567394AD748D79572FCD8,C5AB2916ED0440AEBDFA4C2C,8E948920EB9F411B97356071,D74037AB284543B490000001,72727E680DC4896067D5B7C9,EA4F9ECC1019B4DD2FE7F54C,0281F9CB77AD3C0757E16641,858C5290512DA9028D16BBB1,5938CF95EEF9C8E23F772EE3,91B377937850E32813CE95DD,448D725872D223003DFA1C2C,385EE4DFCBC66760FE6B0A23,67FEC7668984427217A8BC6E,3501D54E7904920CEFAD68D9,7D0D01FB5DE52A56A6A41E5F,E6DF3C34918184CC58EFC097,4FB084A275AFE8260AFF79FD,5DD31071038466EA8A698D20,2BC052F2AC3A8D54A8CCCEE2,E6861CBE47A96E20E7AD77CA,7DBBCA4F35187CA3ED2B2803,574CCF62CC2D6690AF392E63,D5A794D3BAA25A2400A20240,62EABFD3FF26926E7D6BA09F,3685E330EC5277A9DD5661C6); path = Luma; sourceTree = "<group>";};
28CC22F19963439662FD3595 = {isa = PBXFileReference; explicitFileType = wrapper.application; includeInIndex = 0; path = Luma.app; sourceTree = BUILT_PRODUCTS_DIR;};
B04CA999D127AD074C35A98D = {isa = PBXSourcesBuildPhase; buildActionMask = 2147483647; files = (531F10A96D2D44E7A9C4E135,8F40A24AD96547C1A940FB55,4B9642563C8E474AAB9EC7A7,BB7D0DCF69C746478BF1C413,D74037AB284543B490000002,82DEF41CE5D4964A3934E5B1,4BBFC631D5DEFC156B24ACA9,CF619DA60415D4E7C954F836,03DB8B1B7D3B6314DA1E3A9B,3FDC9BEFE54C53DD29AFEA67,6DB816A61B66B76536899A14,2CB2259475FB743A88A5A3F2,E7AC4942FB63BE4AC7A00A99,A474254878038AE830AADD70,8BC097C4A7F82503EEF2A3DB,B576D265BD34015F22C8C67D,AD9DB426835A54958199D56C,6B9B4FFBDDBD49F30C306137,3360796E00BC1475FF9E268B,16BAF433C4101E5F52064419,3AF58A3429DE7AC0AE6166CB,A8752CC77E904E117B9BB51D,921CFE3FFDF4A97431DC25DC,81EE6019B1F8ACEFC07CBBA9); runOnlyForDeploymentPostprocessing = 0;};
327C476763389327E1BEFA32 = {isa = PBXFrameworksBuildPhase; buildActionMask = 2147483647; files = (); runOnlyForDeploymentPostprocessing = 0;};
8239C46B6B2FAF77E9716677 = {isa = PBXResourcesBuildPhase; buildActionMask = 2147483647; files = (04200CFFD12D083534B07BB1); runOnlyForDeploymentPostprocessing = 0;};
1D971A269A20EF50B3ACBBF3 = {isa = XCBuildConfiguration; buildSettings = {PRODUCT_NAME = "$(TARGET_NAME)";PRODUCT_BUNDLE_IDENTIFIER = studio.sonora.sonora;GENERATE_INFOPLIST_FILE = YES;SWIFT_VERSION = 5.0;TARGETED_DEVICE_FAMILY = "1,2";CODE_SIGN_STYLE = Automatic;INFOPLIST_FILE = Luma/Info.plist;ASSETCATALOG_COMPILER_APPICON_NAME = AppIcon;MARKETING_VERSION = 1.0.0;CURRENT_PROJECT_VERSION = 1;INFOPLIST_KEY_UIApplicationSceneManifest_Generation = YES;SWIFT_OPTIMIZATION_LEVEL = "-Onone";SWIFT_ACTIVE_COMPILATION_CONDITIONS = DEBUG;}; name = Debug;};
3BA3EB25D910198CDED03E1C = {isa = XCBuildConfiguration; buildSettings = {PRODUCT_NAME = "$(TARGET_NAME)";PRODUCT_BUNDLE_IDENTIFIER = studio.sonora.sonora;GENERATE_INFOPLIST_FILE = YES;SWIFT_VERSION = 5.0;TARGETED_DEVICE_FAMILY = "1,2";CODE_SIGN_STYLE = Automatic;INFOPLIST_FILE = Luma/Info.plist;ASSETCATALOG_COMPILER_APPICON_NAME = AppIcon;MARKETING_VERSION = 1.0.0;CURRENT_PROJECT_VERSION = 1;INFOPLIST_KEY_UIApplicationSceneManifest_Generation = YES;SWIFT_OPTIMIZATION_LEVEL = "-O";}; name = Release;};
F8DC1BF23AFE2F12EC3FC14B = {isa = XCConfigurationList; buildConfigurations = (1D971A269A20EF50B3ACBBF3,3BA3EB25D910198CDED03E1C); defaultConfigurationIsVisible = 0; defaultConfigurationName = Release;};
1BC49F9E61847F08DE049A2C = {isa = PBXNativeTarget; buildConfigurationList = F8DC1BF23AFE2F12EC3FC14B; buildPhases = (B04CA999D127AD074C35A98D,327C476763389327E1BEFA32,8239C46B6B2FAF77E9716677); buildRules = (); dependencies = (); name = Luma; productName = Luma; productReference = 28CC22F19963439662FD3595; productType = "com.apple.product-type.application";};
044D660F8CA5E7669ED72977 = {isa = PBXFileReference; lastKnownFileType = sourcecode.swift; path = "MusicPlayerTests.swift"; sourceTree = "<group>";};
FD92A4FDB61096F654F5AABF = {isa = PBXBuildFile; fileRef = 044D660F8CA5E7669ED72977;};
F9565A44EF14793D613EC027 = {isa = PBXGroup; children = (A70000000000000000000001,002E70D951929759CE245D8A,BC106087E206B87374D26476,C175FDAD635B48A52AC30C23,0F985D070ED29EA4FE5FFD6B,5AFB72107729EF00D3D324F6,A7718A7069EA1A83263C06B4,044D660F8CA5E7669ED72977); path = LumaTests; sourceTree = "<group>";};
A04EA6FF5A6E7351CC608332 = {isa = PBXFileReference; explicitFileType = wrapper.cfbundle; includeInIndex = 0; path = LumaTests.xctest; sourceTree = BUILT_PRODUCTS_DIR;};
0B90614C597F32FE14E8A511 = {isa = PBXSourcesBuildPhase; buildActionMask = 2147483647; files = (A70000000000000000000002,922CD1575E0ED484CD3C40CB,415633E0B151C0133015929A,FD92A4FDB61096F654F5AABF); runOnlyForDeploymentPostprocessing = 0;};
C319C4DBA1CCC0AB21D41854 = {isa = PBXFrameworksBuildPhase; buildActionMask = 2147483647; files = (); runOnlyForDeploymentPostprocessing = 0;};
7145D6E7C003A0A632CE0BBD = {isa = PBXResourcesBuildPhase; buildActionMask = 2147483647; files = (07312A0982A9D21CB3CD241B,685ECD2F4D083B7C3FDFA3C0,496E72F321B0A3E855F9B28D,2D61B0B195BE51DFF4E461D3); runOnlyForDeploymentPostprocessing = 0;};
16C159834F84AA9C827B2970 = {isa = PBXContainerItemProxy; containerPortal = 98F54143AB4E86B28C3AFEE0; proxyType = 1; remoteGlobalIDString = 1BC49F9E61847F08DE049A2C; remoteInfo = Luma;};
1111B3CE97ACA62AC3D592D8 = {isa = PBXTargetDependency; target = 1BC49F9E61847F08DE049A2C; targetProxy = 16C159834F84AA9C827B2970;};
9B1AD5D23B3FB9115827DEA6 = {isa = XCBuildConfiguration; buildSettings = {PRODUCT_NAME = "$(TARGET_NAME)";PRODUCT_BUNDLE_IDENTIFIER = studio.luma.lumatests;GENERATE_INFOPLIST_FILE = YES;SWIFT_VERSION = 5.0;TARGETED_DEVICE_FAMILY = "1,2";CODE_SIGN_STYLE = Automatic;TEST_HOST = "$(BUILT_PRODUCTS_DIR)/Luma.app/$(BUNDLE_EXECUTABLE_FOLDER_PATH)/Luma";BUNDLE_LOADER = "$(TEST_HOST)";SWIFT_OPTIMIZATION_LEVEL = "-Onone";SWIFT_ACTIVE_COMPILATION_CONDITIONS = DEBUG;}; name = Debug;};
7B6E11BE8BD159BE2D02A1FE = {isa = XCBuildConfiguration; buildSettings = {PRODUCT_NAME = "$(TARGET_NAME)";PRODUCT_BUNDLE_IDENTIFIER = studio.luma.lumatests;GENERATE_INFOPLIST_FILE = YES;SWIFT_VERSION = 5.0;TARGETED_DEVICE_FAMILY = "1,2";CODE_SIGN_STYLE = Automatic;TEST_HOST = "$(BUILT_PRODUCTS_DIR)/Luma.app/$(BUNDLE_EXECUTABLE_FOLDER_PATH)/Luma";BUNDLE_LOADER = "$(TEST_HOST)";SWIFT_OPTIMIZATION_LEVEL = "-O";}; name = Release;};
92F6BFB6FD226A0DDDF20B24 = {isa = XCConfigurationList; buildConfigurations = (9B1AD5D23B3FB9115827DEA6,7B6E11BE8BD159BE2D02A1FE); defaultConfigurationIsVisible = 0; defaultConfigurationName = Release;};
58FF13DEABBD9C33B5AEFFD0 = {isa = PBXNativeTarget; buildConfigurationList = 92F6BFB6FD226A0DDDF20B24; buildPhases = (0B90614C597F32FE14E8A511,C319C4DBA1CCC0AB21D41854,7145D6E7C003A0A632CE0BBD); buildRules = (); dependencies = (1111B3CE97ACA62AC3D592D8); name = LumaTests; productName = LumaTests; productReference = A04EA6FF5A6E7351CC608332; productType = "com.apple.product-type.bundle.unit-test";};
11D97DCE6E76CA5EC4CF44D0 = {isa = PBXFileReference; lastKnownFileType = sourcecode.swift; path = "LumaUITests.swift"; sourceTree = "<group>";};
879430812DB67F0A295B407A = {isa = PBXBuildFile; fileRef = 11D97DCE6E76CA5EC4CF44D0;};
9411C37EE4BF84A90ED8985E = {isa = PBXGroup; children = (11D97DCE6E76CA5EC4CF44D0); path = LumaUITests; sourceTree = "<group>";};
A57A10B232ED58A8EF59F0E5 = {isa = PBXFileReference; explicitFileType = wrapper.cfbundle; includeInIndex = 0; path = LumaUITests.xctest; sourceTree = BUILT_PRODUCTS_DIR;};
0A0FAAAC3B2C7600CC3140C3 = {isa = PBXSourcesBuildPhase; buildActionMask = 2147483647; files = (879430812DB67F0A295B407A); runOnlyForDeploymentPostprocessing = 0;};
ECD2F902122C9ECD30B1E1A7 = {isa = PBXFrameworksBuildPhase; buildActionMask = 2147483647; files = (); runOnlyForDeploymentPostprocessing = 0;};
02268DD5FC955543C5FED736 = {isa = PBXResourcesBuildPhase; buildActionMask = 2147483647; files = (); runOnlyForDeploymentPostprocessing = 0;};
64A66364AEAED79B17D02D76 = {isa = PBXContainerItemProxy; containerPortal = 98F54143AB4E86B28C3AFEE0; proxyType = 1; remoteGlobalIDString = 1BC49F9E61847F08DE049A2C; remoteInfo = Luma;};
91A32F7B072160A5C4688756 = {isa = PBXTargetDependency; target = 1BC49F9E61847F08DE049A2C; targetProxy = 64A66364AEAED79B17D02D76;};
28283A47C20BB9AE3C1BEBA1 = {isa = XCBuildConfiguration; buildSettings = {PRODUCT_NAME = "$(TARGET_NAME)";PRODUCT_BUNDLE_IDENTIFIER = studio.luma.lumauitests;GENERATE_INFOPLIST_FILE = YES;SWIFT_VERSION = 5.0;TARGETED_DEVICE_FAMILY = "1,2";CODE_SIGN_STYLE = Automatic;TEST_TARGET_NAME = Luma;SWIFT_OPTIMIZATION_LEVEL = "-Onone";SWIFT_ACTIVE_COMPILATION_CONDITIONS = DEBUG;}; name = Debug;};
2744F5BE9A450158B3D4951A = {isa = XCBuildConfiguration; buildSettings = {PRODUCT_NAME = "$(TARGET_NAME)";PRODUCT_BUNDLE_IDENTIFIER = studio.luma.lumauitests;GENERATE_INFOPLIST_FILE = YES;SWIFT_VERSION = 5.0;TARGETED_DEVICE_FAMILY = "1,2";CODE_SIGN_STYLE = Automatic;TEST_TARGET_NAME = Luma;SWIFT_OPTIMIZATION_LEVEL = "-O";}; name = Release;};
55BEB1796A5973460FDAB376 = {isa = XCConfigurationList; buildConfigurations = (28283A47C20BB9AE3C1BEBA1,2744F5BE9A450158B3D4951A); defaultConfigurationIsVisible = 0; defaultConfigurationName = Release;};
26AFF83B36C81C56D7DEFFC0 = {isa = PBXNativeTarget; buildConfigurationList = 55BEB1796A5973460FDAB376; buildPhases = (0A0FAAAC3B2C7600CC3140C3,ECD2F902122C9ECD30B1E1A7,02268DD5FC955543C5FED736); buildRules = (); dependencies = (91A32F7B072160A5C4688756); name = LumaUITests; productName = LumaUITests; productReference = A57A10B232ED58A8EF59F0E5; productType = "com.apple.product-type.bundle.ui-testing";};
FBDC4F23F93125BBEEAE800C = {isa = PBXGroup; children = (28CC22F19963439662FD3595,A04EA6FF5A6E7351CC608332,A57A10B232ED58A8EF59F0E5); name = Products; sourceTree = "<group>";};
B28B7AF69320201D1CF206EB = {isa = PBXGroup; children = (8C04029D755FCD37FA88E34E,F9565A44EF14793D613EC027,9411C37EE4BF84A90ED8985E,FBDC4F23F93125BBEEAE800C); sourceTree = "<group>";};
89E1FD6268CC0F221A2BE178 = {isa = XCBuildConfiguration; buildSettings = {SDKROOT = iphoneos;IPHONEOS_DEPLOYMENT_TARGET = 26.0;CLANG_ENABLE_MODULES = YES;CLANG_ENABLE_OBJC_ARC = YES;ENABLE_TESTABILITY = YES;DEBUG_INFORMATION_FORMAT = dwarf;SWIFT_EMIT_LOC_STRINGS = YES;SWIFT_OPTIMIZATION_LEVEL = "-Onone";SWIFT_ACTIVE_COMPILATION_CONDITIONS = DEBUG;}; name = Debug;};
E6DE6C99132752C914FEF632 = {isa = XCBuildConfiguration; buildSettings = {SDKROOT = iphoneos;IPHONEOS_DEPLOYMENT_TARGET = 26.0;CLANG_ENABLE_MODULES = YES;CLANG_ENABLE_OBJC_ARC = YES;ENABLE_TESTABILITY = YES;DEBUG_INFORMATION_FORMAT = dwarf;SWIFT_EMIT_LOC_STRINGS = YES;SWIFT_OPTIMIZATION_LEVEL = "-O";}; name = Release;};
862894B703A6DEDF96A9DD6C = {isa = XCConfigurationList; buildConfigurations = (89E1FD6268CC0F221A2BE178,E6DE6C99132752C914FEF632); defaultConfigurationIsVisible = 0; defaultConfigurationName = Release;};
98F54143AB4E86B28C3AFEE0 = {isa = PBXProject; attributes = {LastUpgradeCheck = 2600; BuildIndependentTargetsInParallel = YES;}; buildConfigurationList = 862894B703A6DEDF96A9DD6C; compatibilityVersion = "Xcode 14.0"; developmentRegion = en; hasScannedForEncodings = 0; knownRegions = (en,Base); mainGroup = B28B7AF69320201D1CF206EB; productRefGroup = FBDC4F23F93125BBEEAE800C; projectDirPath = ""; projectRoot = ""; targets = (1BC49F9E61847F08DE049A2C,58FF13DEABBD9C33B5AEFFD0,26AFF83B36C81C56D7DEFFC0);};
}; rootObject = 98F54143AB4E86B28C3AFEE0; }
